
Microsoft Visual Studio Solution File, Format Version 12.00
# Visual Studio 14
VisualStudioVersion = 14.0.23107.0
MinimumVisualStudioVersion = 10.0.40219.1
Project("{FAE04EC0-301F-11D3-BF4B-00C04F79EFBC}") = "Step01", "Step1\Step01.csproj", "{8D0181FE-F737-4337-9C45-CEBCCA38FD6A}"
EndProject
Project("{2150E333-8FDC-42A3-9474-1A3956D46DE8}") = "Solution Items", "Solution Items", "{24E91DC2-B63E-40E6-B80D-3F1B36B2D57E}"
	ProjectSection(SolutionItems) = preProject
		invoice.dat = invoice.dat
		record.log = record.log
	EndProjectSection
EndProject
Project("{FAE04EC0-301F-11D3-BF4B-00C04F79EFBC}") = "Step02", "Step2\Step02.csproj", "{17BC6487-B431-47F1-81C3-F42636B7B4DF}"
EndProject
Project("{FAE04EC0-301F-11D3-BF4B-00C04F79EFBC}") = "Step03", "Step3\Step03.csproj", "{6756C323-0C8F-419D-AC42-215E55F971A3}"
EndProject
Project("{FAE04EC0-301F-11D3-BF4B-00C04F79EFBC}") = "Step04", "Step4\Step04.csproj", "{454BC8A7-B0D6-4693-8B26-8BB130EDEA2F}"
EndProject
Project("{FAE04EC0-301F-11D3-BF4B-00C04F79EFBC}") = "Step04Tests", "Step4Tests\Step04Tests.csproj", "{705F1494-B71C-40DC-A09E-E1DF7462596A}"
EndProject
Project("{FAE04EC0-301F-11D3-BF4B-00C04F79EFBC}") = "Step05", "Step5\Step05.csproj", "{06B3BD91-E8E5-41D2-9CCB-8AC4B25C56C3}"
EndProject
Project("{FAE04EC0-301F-11D3-BF4B-00C04F79EFBC}") = "Step05Tests", "Step5Tests\Step05Tests.csproj", "{599F0E23-77A6-4334-9164-1FEAD1F08A0B}"
EndProject
Project("{FAE04EC0-301F-11D3-BF4B-00C04F79EFBC}") = "Step06", "Step6\Step06.csproj", "{4F365EF8-5EB2-41AF-99D6-657F1A5DA3E1}"
EndProject
Project("{FAE04EC0-301F-11D3-BF4B-00C04F79EFBC}") = "Step06Tests", "Step6Tests\Step06Tests.csproj", "{4F4E3541-7E2B-4C89-9129-ED471A0AFCDC}"
EndProject
Project("{FAE04EC0-301F-11D3-BF4B-00C04F79EFBC}") = "Step07", "Step7\Step07.csproj", "{EA160423-DE1C-4D5D-B020-0E7DAF37B8C2}"
EndProject
Project("{FAE04EC0-301F-11D3-BF4B-00C04F79EFBC}") = "Step07Tests", "Step7Tests\Step07Tests.csproj", "{9F6C6224-A875-487E-8DA8-11EE9E1D59FF}"
EndProject
Project("{FAE04EC0-301F-11D3-BF4B-00C04F79EFBC}") = "Step08", "Step8\Step08.csproj", "{67F67FC8-630A-4522-9B7E-2C6D2488EB0D}"
EndProject
Project("{FAE04EC0-301F-11D3-BF4B-00C04F79EFBC}") = "Step08Tests", "Step8Tests\Step08Tests.csproj", "{72CA5BA0-BBA9-4571-82CB-CBC17214071A}"
EndProject
Project("{FAE04EC0-301F-11D3-BF4B-00C04F79EFBC}") = "Step09", "Step9\Step09.csproj", "{497288C5-CBAB-476C-AA43-DB3E9A91E967}"
EndProject
Project("{FAE04EC0-301F-11D3-BF4B-00C04F79EFBC}") = "Step09Tests", "Step9Tests\Step09Tests.csproj", "{940E7BEC-A8DB-4472-B015-75BC919A369F}"
EndProject
Project("{FAE04EC0-301F-11D3-BF4B-00C04F79EFBC}") = "Step10", "Step10\Step10.csproj", "{8B8ADD4A-03F1-4FDD-A6AB-174FE051DD46}"
EndProject
Project("{FAE04EC0-301F-11D3-BF4B-00C04F79EFBC}") = "Step10Tests", "Step10Tests\Step10Tests.csproj", "{1BD04DC3-D84C-4CAE-A708-A135791718C4}"
EndProject
Project("{FAE04EC0-301F-11D3-BF4B-00C04F79EFBC}") = "Step11", "Step11\Step11.csproj", "{06351044-0DA7-4290-9A0C-009CE54B247C}"
EndProject
Project("{FAE04EC0-301F-11D3-BF4B-00C04F79EFBC}") = "Step11Tests", "Step11Tests\Step11Tests.csproj", "{07B8EB01-E366-4E89-BE6A-163542A0DA6B}"
EndProject
Project("{FAE04EC0-301F-11D3-BF4B-00C04F79EFBC}") = "Step12", "Step12\Step12.csproj", "{1B1970AC-6257-43E5-A599-2518AB5BE8AF}"
EndProject
Project("{FAE04EC0-301F-11D3-BF4B-00C04F79EFBC}") = "Step12Tests", "Step12Tests\Step12Tests.csproj", "{DFEEB139-1A20-445B-A728-AEEF50BD33C1}"
EndProject
Project("{FAE04EC0-301F-11D3-BF4B-00C04F79EFBC}") = "Step13", "Step13\Step13.csproj", "{1D4D142D-2B40-4366-9D1C-DC08CBEC1B0D}"
EndProject
Project("{FAE04EC0-301F-11D3-BF4B-00C04F79EFBC}") = "Step13Tests", "Step13Tests\Step13Tests.csproj", "{CD6AC945-A10B-4969-BE65-CF6870EA8C8E}"
EndProject
Project("{FAE04EC0-301F-11D3-BF4B-00C04F79EFBC}") = "Step14", "Step14\Step14.csproj", "{B48EECCA-1076-4B11-B86E-2F6C264F5BFB}"
EndProject
Project("{FAE04EC0-301F-11D3-BF4B-00C04F79EFBC}") = "Step14Tests", "Step14Tests\Step14Tests.csproj", "{319F52A1-4368-48F4-A78C-B4377999CEF6}"
EndProject
Global
	GlobalSection(SolutionConfigurationPlatforms) = preSolution
		Debug|Any CPU = Debug|Any CPU
		Release|Any CPU = Release|Any CPU
	EndGlobalSection
	GlobalSection(ProjectConfigurationPlatforms) = postSolution
		{8D0181FE-F737-4337-9C45-CEBCCA38FD6A}.Debug|Any CPU.ActiveCfg = Debug|Any CPU
		{8D0181FE-F737-4337-9C45-CEBCCA38FD6A}.Debug|Any CPU.Build.0 = Debug|Any CPU
		{8D0181FE-F737-4337-9C45-CEBCCA38FD6A}.Release|Any CPU.ActiveCfg = Release|Any CPU
		{8D0181FE-F737-4337-9C45-CEBCCA38FD6A}.Release|Any CPU.Build.0 = Release|Any CPU
		{17BC6487-B431-47F1-81C3-F42636B7B4DF}.Debug|Any CPU.ActiveCfg = Debug|Any CPU
		{17BC6487-B431-47F1-81C3-F42636B7B4DF}.Debug|Any CPU.Build.0 = Debug|Any CPU
		{17BC6487-B431-47F1-81C3-F42636B7B4DF}.Release|Any CPU.ActiveCfg = Release|Any CPU
		{17BC6487-B431-47F1-81C3-F42636B7B4DF}.Release|Any CPU.Build.0 = Release|Any CPU
		{6756C323-0C8F-419D-AC42-215E55F971A3}.Debug|Any CPU.ActiveCfg = Debug|Any CPU
		{6756C323-0C8F-419D-AC42-215E55F971A3}.Debug|Any CPU.Build.0 = Debug|Any CPU
		{6756C323-0C8F-419D-AC42-215E55F971A3}.Release|Any CPU.ActiveCfg = Release|Any CPU
		{6756C323-0C8F-419D-AC42-215E55F971A3}.Release|Any CPU.Build.0 = Release|Any CPU
		{454BC8A7-B0D6-4693-8B26-8BB130EDEA2F}.Debug|Any CPU.ActiveCfg = Debug|Any CPU
		{454BC8A7-B0D6-4693-8B26-8BB130EDEA2F}.Debug|Any CPU.Build.0 = Debug|Any CPU
		{454BC8A7-B0D6-4693-8B26-8BB130EDEA2F}.Release|Any CPU.ActiveCfg = Release|Any CPU
		{454BC8A7-B0D6-4693-8B26-8BB130EDEA2F}.Release|Any CPU.Build.0 = Release|Any CPU
		{705F1494-B71C-40DC-A09E-E1DF7462596A}.Debug|Any CPU.ActiveCfg = Debug|Any CPU
		{705F1494-B71C-40DC-A09E-E1DF7462596A}.Debug|Any CPU.Build.0 = Debug|Any CPU
		{705F1494-B71C-40DC-A09E-E1DF7462596A}.Release|Any CPU.ActiveCfg = Release|Any CPU
		{705F1494-B71C-40DC-A09E-E1DF7462596A}.Release|Any CPU.Build.0 = Release|Any CPU
		{06B3BD91-E8E5-41D2-9CCB-8AC4B25C56C3}.Debug|Any CPU.ActiveCfg = Debug|Any CPU
		{06B3BD91-E8E5-41D2-9CCB-8AC4B25C56C3}.Debug|Any CPU.Build.0 = Debug|Any CPU
		{06B3BD91-E8E5-41D2-9CCB-8AC4B25C56C3}.Release|Any CPU.ActiveCfg = Release|Any CPU
		{06B3BD91-E8E5-41D2-9CCB-8AC4B25C56C3}.Release|Any CPU.Build.0 = Release|Any CPU
		{599F0E23-77A6-4334-9164-1FEAD1F08A0B}.Debug|Any CPU.ActiveCfg = Debug|Any CPU
		{599F0E23-77A6-4334-9164-1FEAD1F08A0B}.Debug|Any CPU.Build.0 = Debug|Any CPU
		{599F0E23-77A6-4334-9164-1FEAD1F08A0B}.Release|Any CPU.ActiveCfg = Release|Any CPU
		{599F0E23-77A6-4334-9164-1FEAD1F08A0B}.Release|Any CPU.Build.0 = Release|Any CPU
		{4F365EF8-5EB2-41AF-99D6-657F1A5DA3E1}.Debug|Any CPU.ActiveCfg = Debug|Any CPU
		{4F365EF8-5EB2-41AF-99D6-657F1A5DA3E1}.Debug|Any CPU.Build.0 = Debug|Any CPU
		{4F365EF8-5EB2-41AF-99D6-657F1A5DA3E1}.Release|Any CPU.ActiveCfg = Release|Any CPU
		{4F365EF8-5EB2-41AF-99D6-657F1A5DA3E1}.Release|Any CPU.Build.0 = Release|Any CPU
		{4F4E3541-7E2B-4C89-9129-ED471A0AFCDC}.Debug|Any CPU.ActiveCfg = Debug|Any CPU
		{4F4E3541-7E2B-4C89-9129-ED471A0AFCDC}.Debug|Any CPU.Build.0 = Debug|Any CPU
		{4F4E3541-7E2B-4C89-9129-ED471A0AFCDC}.Release|Any CPU.ActiveCfg = Release|Any CPU
		{4F4E3541-7E2B-4C89-9129-ED471A0AFCDC}.Release|Any CPU.Build.0 = Release|Any CPU
		{EA160423-DE1C-4D5D-B020-0E7DAF37B8C2}.Debug|Any CPU.ActiveCfg = Debug|Any CPU
		{EA160423-DE1C-4D5D-B020-0E7DAF37B8C2}.Debug|Any CPU.Build.0 = Debug|Any CPU
		{EA160423-DE1C-4D5D-B020-0E7DAF37B8C2}.Release|Any CPU.ActiveCfg = Release|Any CPU
		{EA160423-DE1C-4D5D-B020-0E7DAF37B8C2}.Release|Any CPU.Build.0 = Release|Any CPU
		{9F6C6224-A875-487E-8DA8-11EE9E1D59FF}.Debug|Any CPU.ActiveCfg = Debug|Any CPU
		{9F6C6224-A875-487E-8DA8-11EE9E1D59FF}.Debug|Any CPU.Build.0 = Debug|Any CPU
		{9F6C6224-A875-487E-8DA8-11EE9E1D59FF}.Release|Any CPU.ActiveCfg = Release|Any CPU
		{9F6C6224-A875-487E-8DA8-11EE9E1D59FF}.Release|Any CPU.Build.0 = Release|Any CPU
		{67F67FC8-630A-4522-9B7E-2C6D2488EB0D}.Debug|Any CPU.ActiveCfg = Debug|Any CPU
		{67F67FC8-630A-4522-9B7E-2C6D2488EB0D}.Debug|Any CPU.Build.0 = Debug|Any CPU
		{67F67FC8-630A-4522-9B7E-2C6D2488EB0D}.Release|Any CPU.ActiveCfg = Release|Any CPU
		{67F67FC8-630A-4522-9B7E-2C6D2488EB0D}.Release|Any CPU.Build.0 = Release|Any CPU
		{72CA5BA0-BBA9-4571-82CB-CBC17214071A}.Debug|Any CPU.ActiveCfg = Debug|Any CPU
		{72CA5BA0-BBA9-4571-82CB-CBC17214071A}.Debug|Any CPU.Build.0 = Debug|Any CPU
		{72CA5BA0-BBA9-4571-82CB-CBC17214071A}.Release|Any CPU.ActiveCfg = Release|Any CPU
		{72CA5BA0-BBA9-4571-82CB-CBC17214071A}.Release|Any CPU.Build.0 = Release|Any CPU
		{497288C5-CBAB-476C-AA43-DB3E9A91E967}.Debug|Any CPU.ActiveCfg = Debug|Any CPU
		{497288C5-CBAB-476C-AA43-DB3E9A91E967}.Debug|Any CPU.Build.0 = Debug|Any CPU
		{497288C5-CBAB-476C-AA43-DB3E9A91E967}.Release|Any CPU.ActiveCfg = Release|Any CPU
		{497288C5-CBAB-476C-AA43-DB3E9A91E967}.Release|Any CPU.Build.0 = Release|Any CPU
		{940E7BEC-A8DB-4472-B015-75BC919A369F}.Debug|Any CPU.ActiveCfg = Debug|Any CPU
		{940E7BEC-A8DB-4472-B015-75BC919A369F}.Debug|Any CPU.Build.0 = Debug|Any CPU
		{940E7BEC-A8DB-4472-B015-75BC919A369F}.Release|Any CPU.ActiveCfg = Release|Any CPU
		{940E7BEC-A8DB-4472-B015-75BC919A369F}.Release|Any CPU.Build.0 = Release|Any CPU
		{8B8ADD4A-03F1-4FDD-A6AB-174FE051DD46}.Debug|Any CPU.ActiveCfg = Debug|Any CPU
		{8B8ADD4A-03F1-4FDD-A6AB-174FE051DD46}.Debug|Any CPU.Build.0 = Debug|Any CPU
		{8B8ADD4A-03F1-4FDD-A6AB-174FE051DD46}.Release|Any CPU.ActiveCfg = Release|Any CPU
		{8B8ADD4A-03F1-4FDD-A6AB-174FE051DD46}.Release|Any CPU.Build.0 = Release|Any CPU
		{1BD04DC3-D84C-4CAE-A708-A135791718C4}.Debug|Any CPU.ActiveCfg = Debug|Any CPU
		{1BD04DC3-D84C-4CAE-A708-A135791718C4}.Debug|Any CPU.Build.0 = Debug|Any CPU
		{1BD04DC3-D84C-4CAE-A708-A135791718C4}.Release|Any CPU.ActiveCfg = Release|Any CPU
		{1BD04DC3-D84C-4CAE-A708-A135791718C4}.Release|Any CPU.Build.0 = Release|Any CPU
		{06351044-0DA7-4290-9A0C-009CE54B247C}.Debug|Any CPU.ActiveCfg = Debug|Any CPU
		{06351044-0DA7-4290-9A0C-009CE54B247C}.Debug|Any CPU.Build.0 = Debug|Any CPU
		{06351044-0DA7-4290-9A0C-009CE54B247C}.Release|Any CPU.ActiveCfg = Release|Any CPU
		{06351044-0DA7-4290-9A0C-009CE54B247C}.Release|Any CPU.Build.0 = Release|Any CPU
		{07B8EB01-E366-4E89-BE6A-163542A0DA6B}.Debug|Any CPU.ActiveCfg = Debug|Any CPU
		{07B8EB01-E366-4E89-BE6A-163542A0DA6B}.Debug|Any CPU.Build.0 = Debug|Any CPU
		{07B8EB01-E366-4E89-BE6A-163542A0DA6B}.Release|Any CPU.ActiveCfg = Release|Any CPU
		{07B8EB01-E366-4E89-BE6A-163542A0DA6B}.Release|Any CPU.Build.0 = Release|Any CPU
		{1B1970AC-6257-43E5-A599-2518AB5BE8AF}.Debug|Any CPU.ActiveCfg = Debug|Any CPU
		{1B1970AC-6257-43E5-A599-2518AB5BE8AF}.Debug|Any CPU.Build.0 = Debug|Any CPU
		{1B1970AC-6257-43E5-A599-2518AB5BE8AF}.Release|Any CPU.ActiveCfg = Release|Any CPU
		{1B1970AC-6257-43E5-A599-2518AB5BE8AF}.Release|Any CPU.Build.0 = Release|Any CPU
		{DFEEB139-1A20-445B-A728-AEEF50BD33C1}.Debug|Any CPU.ActiveCfg = Debug|Any CPU
		{DFEEB139-1A20-445B-A728-AEEF50BD33C1}.Debug|Any CPU.Build.0 = Debug|Any CPU
		{DFEEB139-1A20-445B-A728-AEEF50BD33C1}.Release|Any CPU.ActiveCfg = Release|Any CPU
		{DFEEB139-1A20-445B-A728-AEEF50BD33C1}.Release|Any CPU.Build.0 = Release|Any CPU
		{1D4D142D-2B40-4366-9D1C-DC08CBEC1B0D}.Debug|Any CPU.ActiveCfg = Debug|Any CPU
		{1D4D142D-2B40-4366-9D1C-DC08CBEC1B0D}.Debug|Any CPU.Build.0 = Debug|Any CPU
		{1D4D142D-2B40-4366-9D1C-DC08CBEC1B0D}.Release|Any CPU.ActiveCfg = Release|Any CPU
		{1D4D142D-2B40-4366-9D1C-DC08CBEC1B0D}.Release|Any CPU.Build.0 = Release|Any CPU
		{CD6AC945-A10B-4969-BE65-CF6870EA8C8E}.Debug|Any CPU.ActiveCfg = Debug|Any CPU
		{CD6AC945-A10B-4969-BE65-CF6870EA8C8E}.Debug|Any CPU.Build.0 = Debug|Any CPU
		{CD6AC945-A10B-4969-BE65-CF6870EA8C8E}.Release|Any CPU.ActiveCfg = Release|Any CPU
		{CD6AC945-A10B-4969-BE65-CF6870EA8C8E}.Release|Any CPU.Build.0 = Release|Any CPU
		{B48EECCA-1076-4B11-B86E-2F6C264F5BFB}.Debug|Any CPU.ActiveCfg = Debug|Any CPU
		{B48EECCA-1076-4B11-B86E-2F6C264F5BFB}.Debug|Any CPU.Build.0 = Debug|Any CPU
		{B48EECCA-1076-4B11-B86E-2F6C264F5BFB}.Release|Any CPU.ActiveCfg = Release|Any CPU
		{B48EECCA-1076-4B11-B86E-2F6C264F5BFB}.Release|Any CPU.Build.0 = Release|Any CPU
		{319F52A1-4368-48F4-A78C-B4377999CEF6}.Debug|Any CPU.ActiveCfg = Debug|Any CPU
		{319F52A1-4368-48F4-A78C-B4377999CEF6}.Debug|Any CPU.Build.0 = Debug|Any CPU
		{319F52A1-4368-48F4-A78C-B4377999CEF6}.Release|Any CPU.ActiveCfg = Release|Any CPU
		{319F52A1-4368-48F4-A78C-B4377999CEF6}.Release|Any CPU.Build.0 = Release|Any CPU
	EndGlobalSection
	GlobalSection(SolutionProperties) = preSolution
		HideSolutionNode = FALSE
	EndGlobalSection
EndGlobal
