
Microsoft Visual Studio Solution File, Format Version 12.00
# Visual Studio 14
VisualStudioVersion = 14.0.23107.0
MinimumVisualStudioVersion = 10.0.40219.1
Project("{FAE04EC0-301F-11D3-BF4B-00C04F79EFBC}") = "Step1", "Step1\Step1.csproj", "{8D0181FE-F737-4337-9C45-CEBCCA38FD6A}"
EndProject
Project("{2150E333-8FDC-42A3-9474-1A3956D46DE8}") = "Solution Items", "Solution Items", "{24E91DC2-B63E-40E6-B80D-3F1B36B2D57E}"
	ProjectSection(SolutionItems) = preProject
		invoice.dat = invoice.dat
		record.log = record.log
	EndProjectSection
EndProject
Project("{FAE04EC0-301F-11D3-BF4B-00C04F79EFBC}") = "Step2", "Step2\Step2.csproj", "{17BC6487-B431-47F1-81C3-F42636B7B4DF}"
EndProject
Project("{FAE04EC0-301F-11D3-BF4B-00C04F79EFBC}") = "Step3", "Step3\Step3.csproj", "{6756C323-0C8F-419D-AC42-215E55F971A3}"
EndProject
Project("{FAE04EC0-301F-11D3-BF4B-00C04F79EFBC}") = "Step4", "Step4\Step4.csproj", "{454BC8A7-B0D6-4693-8B26-8BB130EDEA2F}"
EndProject
Project("{FAE04EC0-301F-11D3-BF4B-00C04F79EFBC}") = "Step4Tests", "Step4Tests\Step4Tests.csproj", "{705F1494-B71C-40DC-A09E-E1DF7462596A}"
EndProject
Project("{FAE04EC0-301F-11D3-BF4B-00C04F79EFBC}") = "Step5", "Step5\Step5.csproj", "{06B3BD91-E8E5-41D2-9CCB-8AC4B25C56C3}"
EndProject
Project("{FAE04EC0-301F-11D3-BF4B-00C04F79EFBC}") = "Step5Tests", "Step5Tests\Step5Tests.csproj", "{599F0E23-77A6-4334-9164-1FEAD1F08A0B}"
EndProject
Global
	GlobalSection(SolutionConfigurationPlatforms) = preSolution
		Debug|Any CPU = Debug|Any CPU
		Release|Any CPU = Release|Any CPU
	EndGlobalSection
	GlobalSection(ProjectConfigurationPlatforms) = postSolution
		{8D0181FE-F737-4337-9C45-CEBCCA38FD6A}.Debug|Any CPU.ActiveCfg = Debug|Any CPU
		{8D0181FE-F737-4337-9C45-CEBCCA38FD6A}.Debug|Any CPU.Build.0 = Debug|Any CPU
		{8D0181FE-F737-4337-9C45-CEBCCA38FD6A}.Release|Any CPU.ActiveCfg = Release|Any CPU
		{8D0181FE-F737-4337-9C45-CEBCCA38FD6A}.Release|Any CPU.Build.0 = Release|Any CPU
		{17BC6487-B431-47F1-81C3-F42636B7B4DF}.Debug|Any CPU.ActiveCfg = Debug|Any CPU
		{17BC6487-B431-47F1-81C3-F42636B7B4DF}.Debug|Any CPU.Build.0 = Debug|Any CPU
		{17BC6487-B431-47F1-81C3-F42636B7B4DF}.Release|Any CPU.ActiveCfg = Release|Any CPU
		{17BC6487-B431-47F1-81C3-F42636B7B4DF}.Release|Any CPU.Build.0 = Release|Any CPU
		{6756C323-0C8F-419D-AC42-215E55F971A3}.Debug|Any CPU.ActiveCfg = Debug|Any CPU
		{6756C323-0C8F-419D-AC42-215E55F971A3}.Debug|Any CPU.Build.0 = Debug|Any CPU
		{6756C323-0C8F-419D-AC42-215E55F971A3}.Release|Any CPU.ActiveCfg = Release|Any CPU
		{6756C323-0C8F-419D-AC42-215E55F971A3}.Release|Any CPU.Build.0 = Release|Any CPU
		{454BC8A7-B0D6-4693-8B26-8BB130EDEA2F}.Debug|Any CPU.ActiveCfg = Debug|Any CPU
		{454BC8A7-B0D6-4693-8B26-8BB130EDEA2F}.Debug|Any CPU.Build.0 = Debug|Any CPU
		{454BC8A7-B0D6-4693-8B26-8BB130EDEA2F}.Release|Any CPU.ActiveCfg = Release|Any CPU
		{454BC8A7-B0D6-4693-8B26-8BB130EDEA2F}.Release|Any CPU.Build.0 = Release|Any CPU
		{705F1494-B71C-40DC-A09E-E1DF7462596A}.Debug|Any CPU.ActiveCfg = Debug|Any CPU
		{705F1494-B71C-40DC-A09E-E1DF7462596A}.Debug|Any CPU.Build.0 = Debug|Any CPU
		{705F1494-B71C-40DC-A09E-E1DF7462596A}.Release|Any CPU.ActiveCfg = Release|Any CPU
		{705F1494-B71C-40DC-A09E-E1DF7462596A}.Release|Any CPU.Build.0 = Release|Any CPU
		{06B3BD91-E8E5-41D2-9CCB-8AC4B25C56C3}.Debug|Any CPU.ActiveCfg = Debug|Any CPU
		{06B3BD91-E8E5-41D2-9CCB-8AC4B25C56C3}.Debug|Any CPU.Build.0 = Debug|Any CPU
		{06B3BD91-E8E5-41D2-9CCB-8AC4B25C56C3}.Release|Any CPU.ActiveCfg = Release|Any CPU
		{06B3BD91-E8E5-41D2-9CCB-8AC4B25C56C3}.Release|Any CPU.Build.0 = Release|Any CPU
		{599F0E23-77A6-4334-9164-1FEAD1F08A0B}.Debug|Any CPU.ActiveCfg = Debug|Any CPU
		{599F0E23-77A6-4334-9164-1FEAD1F08A0B}.Debug|Any CPU.Build.0 = Debug|Any CPU
		{599F0E23-77A6-4334-9164-1FEAD1F08A0B}.Release|Any CPU.ActiveCfg = Release|Any CPU
		{599F0E23-77A6-4334-9164-1FEAD1F08A0B}.Release|Any CPU.Build.0 = Release|Any CPU
	EndGlobalSection
	GlobalSection(SolutionProperties) = preSolution
		HideSolutionNode = FALSE
	EndGlobalSection
EndGlobal
